schema: '2.0'
stages:
  preprocess:
    cmd: python src/preprocess.py
    deps:
    - path: data/raw/dataset.csv
      hash: md5
      md5: e90efcb83d69faf99fcab8b0255024de
      size: 150828752
    - path: src/preprocess.py
      hash: md5
      md5: 8c6bc99311dfeda7bfed9a89154d0f73
      size: 1390
    params:
      params.yaml:
        preprocess.random_state: 42
        preprocess.test_size: 0.2
    outs:
    - path: data/processed/test.csv
      hash: md5
      md5: 30b9de65f5c816a04558dfc3d1628836
      size: 33976407
    - path: data/processed/train.csv
      hash: md5
      md5: c336cb197682475e3e1d675a27d21022
      size: 135902528
  train:
    cmd: python src/train.py
    deps:
    - path: data/processed/train.csv
      hash: md5
      md5: c336cb197682475e3e1d675a27d21022
      size: 135902528
    - path: src/train.py
      hash: md5
      md5: 5bf467bda2b90e8305af99b21f0c2f58
      size: 896
    params:
      params.yaml:
        train.max_depth: 5
        train.n_estimators: 100
        train.random_state: 42
    outs:
    - path: models/model.pkl
      hash: md5
      md5: a113dc5cce6ee5712ca6a48a4ce11f38
      size: 364393
  evaluate:
    cmd: python src/evaluate.py
    deps:
    - path: data/processed/test.csv
      hash: md5
      md5: 30b9de65f5c816a04558dfc3d1628836
      size: 33976407
    - path: models/model.pkl
      hash: md5
      md5: a113dc5cce6ee5712ca6a48a4ce11f38
      size: 364393
    - path: src/evaluate.py
      hash: md5
      md5: 0847de96be6d213d4ac1abc5f2b69245
      size: 1029
    outs:
    - path: metrics.json
      hash: md5
      md5: 70acea9470975b032ce6383e363b710f
      size: 138
